lockfileVersion: '9.0'

settings:
  autoInstallPeers: true
  excludeLinksFromLockfile: false

importers:

  .:
    dependencies:
      lucide:
        specifier: ^1.47.0
        version: 1.47.0
      morphicons:
        specifier: 1.7.1
        version: 1.7.1

packages:

  lucide@1.47.0:
    resolution: {integrity: sha512-gJoVJM5fvpBDGZTvhpJS9IEurz85HbD+wgOlCkXCIw35tHrqTxSdIYUN9sXvs7Aw3NCl67A+nlotNyoU4u7zOQ==}

  morphicons@1.7.1:
    resolution: {integrity: sha512-q5ylxy5/d7vBg0OAzanlooXf05PekovMYDuuQVpr6vAQZxl99lrJbaIi+jJ32PXQf9WEEaDO2pbNBsx1ZhEnFQ==}
    peerDependencies:
      react: '>=18'
      react-native: '>=0.71'
      react-native-svg: '>=14'
      svelte: '>=5'
      vue: '>=3.3'
    peerDependenciesMeta:
      react:
        optional: true
      react-native:
        optional: true
      react-native-svg:
        optional: true
      svelte:
        optional: true
      vue:
        optional: true

snapshots:

  lucide@1.47.0: {}

  morphicons@1.7.1: {}
